
Microsoft Visual Studio Solution File, Format Version 12.00
# Visual Studio Version 17
VisualStudioVersion = 17.3.32819.101
MinimumVisualStudioVersion = 10.0.40219.1
Project("{FAE04EC0-301F-11D3-BF4B-00C04F79EFBC}") = "Web2", "Web2.csproj", "{5E21A2B6-2B76-499A-BB89-2B6D3E454CF8}"
EndProject
Global
	GlobalSection(SolutionConfigurationPlatforms) = preSolution
		Debug|Any CPU = Debug|Any CPU
		Release|Any CPU = Release|Any CPU
	EndGlobalSection
	GlobalSection(ProjectConfigurationPlatforms) = postSolution
		{5E21A2B6-2B76-499A-BB89-2B6D3E454CF8}.Debug|Any CPU.ActiveCfg = Debug|Any CPU
		{5E21A2B6-2B76-499A-BB89-2B6D3E454CF8}.Debug|Any CPU.Build.0 = Debug|Any CPU
		{5E21A2B6-2B76-499A-BB89-2B6D3E454CF8}.Release|Any CPU.ActiveCfg = Release|Any CPU
		{5E21A2B6-2B76-499A-BB89-2B6D3E454CF8}.Release|Any CPU.Build.0 = Release|Any CPU
	EndGlobalSection
	GlobalSection(SolutionProperties) = preSolution
		HideSolutionNode = FALSE
	EndGlobalSection
	GlobalSection(ExtensibilityGlobals) = postSolution
		SolutionGuid = {6B6B255B-7BB9-47CC-9962-FDEC1D443479}
	EndGlobalSection
EndGlobal
